
Microsoft Visual Studio Solution File, Format Version 12.00
# Visual Studio Version 16
VisualStudioVersion = 16.0.30011.22
MinimumVisualStudioVersion = 10.0.40219.1
Project("{8BC9CEB8-8B4A-11D0-8D11-00A0C91BC942}") = "JSON Practice", "JSON Practice.vcxproj", "{35352D0B-FE28-4265-8773-17804AA7F15F}"
EndProject
Global
	GlobalSection(SolutionConfigurationPlatforms) = preSolution
		Debug|x64 = Debug|x64
		Debug|x86 = Debug|x86
		Release|x64 = Release|x64
		Release|x86 = Release|x86
	EndGlobalSection
	GlobalSection(ProjectConfigurationPlatforms) = postSolution
		{35352D0B-FE28-4265-8773-17804AA7F15F}.Debug|x64.ActiveCfg = Debug|x64
		{35352D0B-FE28-4265-8773-17804AA7F15F}.Debug|x64.Build.0 = Debug|x64
		{35352D0B-FE28-4265-8773-17804AA7F15F}.Debug|x86.ActiveCfg = Debug|Win32
		{35352D0B-FE28-4265-8773-17804AA7F15F}.Debug|x86.Build.0 = Debug|Win32
		{35352D0B-FE28-4265-8773-17804AA7F15F}.Release|x64.ActiveCfg = Release|x64
		{35352D0B-FE28-4265-8773-17804AA7F15F}.Release|x64.Build.0 = Release|x64
		{35352D0B-FE28-4265-8773-17804AA7F15F}.Release|x86.ActiveCfg = Release|Win32
		{35352D0B-FE28-4265-8773-17804AA7F15F}.Release|x86.Build.0 = Release|Win32
	EndGlobalSection
	GlobalSection(SolutionProperties) = preSolution
		HideSolutionNode = FALSE
	EndGlobalSection
	GlobalSection(ExtensibilityGlobals) = postSolution
		SolutionGuid = {0C0EB925-066E-4BAD-8FB8-608A443B7B9D}
	EndGlobalSection
EndGlobal
